
Microsoft Visual Studio Solution File, Format Version 12.00
# Visual Studio Version 17
VisualStudioVersion = 17.5.33424.131
MinimumVisualStudioVersion = 10.0.40219.1
Project("{8BC9CEB8-8B4A-11D0-8D11-00A0C91BC942}") = "memberstatic", "memberstatic\memberstatic.vcxproj", "{9E9FD5CD-9D1B-4888-8F48-A3078E200639}"
EndProject
Project("{8BC9CEB8-8B4A-11D0-8D11-00A0C91BC942}") = "mbrstaticfunct", "ConsoleApplication1\ConsoleApplication1.vcxproj", "{86C454FF-EA69-45FB-8236-504E1D76C9A5}"
EndProject
Project("{8BC9CEB8-8B4A-11D0-8D11-00A0C91BC942}") = "destructor", "destructor\destructor.vcxproj", "{B966E85F-F3F1-4E9F-A46F-D326E9F45A37}"
EndProject
Global
	GlobalSection(SolutionConfigurationPlatforms) = preSolution
		Debug|x64 = Debug|x64
		Debug|x86 = Debug|x86
		Release|x64 = Release|x64
		Release|x86 = Release|x86
	EndGlobalSection
	GlobalSection(ProjectConfigurationPlatforms) = postSolution
		{9E9FD5CD-9D1B-4888-8F48-A3078E200639}.Debug|x64.ActiveCfg = Debug|x64
		{9E9FD5CD-9D1B-4888-8F48-A3078E200639}.Debug|x64.Build.0 = Debug|x64
		{9E9FD5CD-9D1B-4888-8F48-A3078E200639}.Debug|x86.ActiveCfg = Debug|Win32
		{9E9FD5CD-9D1B-4888-8F48-A3078E200639}.Debug|x86.Build.0 = Debug|Win32
		{9E9FD5CD-9D1B-4888-8F48-A3078E200639}.Release|x64.ActiveCfg = Release|x64
		{9E9FD5CD-9D1B-4888-8F48-A3078E200639}.Release|x64.Build.0 = Release|x64
		{9E9FD5CD-9D1B-4888-8F48-A3078E200639}.Release|x86.ActiveCfg = Release|Win32
		{9E9FD5CD-9D1B-4888-8F48-A3078E200639}.Release|x86.Build.0 = Release|Win32
		{86C454FF-EA69-45FB-8236-504E1D76C9A5}.Debug|x64.ActiveCfg = Debug|x64
		{86C454FF-EA69-45FB-8236-504E1D76C9A5}.Debug|x64.Build.0 = Debug|x64
		{86C454FF-EA69-45FB-8236-504E1D76C9A5}.Debug|x86.ActiveCfg = Debug|Win32
		{86C454FF-EA69-45FB-8236-504E1D76C9A5}.Debug|x86.Build.0 = Debug|Win32
		{86C454FF-EA69-45FB-8236-504E1D76C9A5}.Release|x64.ActiveCfg = Release|x64
		{86C454FF-EA69-45FB-8236-504E1D76C9A5}.Release|x64.Build.0 = Release|x64
		{86C454FF-EA69-45FB-8236-504E1D76C9A5}.Release|x86.ActiveCfg = Release|Win32
		{86C454FF-EA69-45FB-8236-504E1D76C9A5}.Release|x86.Build.0 = Release|Win32
		{B966E85F-F3F1-4E9F-A46F-D326E9F45A37}.Debug|x64.ActiveCfg = Debug|x64
		{B966E85F-F3F1-4E9F-A46F-D326E9F45A37}.Debug|x64.Build.0 = Debug|x64
		{B966E85F-F3F1-4E9F-A46F-D326E9F45A37}.Debug|x86.ActiveCfg = Debug|Win32
		{B966E85F-F3F1-4E9F-A46F-D326E9F45A37}.Debug|x86.Build.0 = Debug|Win32
		{B966E85F-F3F1-4E9F-A46F-D326E9F45A37}.Release|x64.ActiveCfg = Release|x64
		{B966E85F-F3F1-4E9F-A46F-D326E9F45A37}.Release|x64.Build.0 = Release|x64
		{B966E85F-F3F1-4E9F-A46F-D326E9F45A37}.Release|x86.ActiveCfg = Release|Win32
		{B966E85F-F3F1-4E9F-A46F-D326E9F45A37}.Release|x86.Build.0 = Release|Win32
	EndGlobalSection
	GlobalSection(SolutionProperties) = preSolution
		HideSolutionNode = FALSE
	EndGlobalSection
	GlobalSection(ExtensibilityGlobals) = postSolution
		SolutionGuid = {31923E3B-DAD6-4FC6-8B39-E9D690500C52}
	EndGlobalSection
EndGlobal
